
Microsoft Visual Studio Solution File, Format Version 12.00
# Visual Studio Version 17
VisualStudioVersion = 17.14.36511.14
MinimumVisualStudioVersion = 10.0.40219.1
Project("{2150E333-8FDC-42A3-9474-1A3956D46DE8}") = "Presentation", "Presentation", "{02EA681E-C7D8-13C7-8484-4AC65E1B71E8}"
EndProject
Project("{2150E333-8FDC-42A3-9474-1A3956D46DE8}") = "Library", "Library", "{6FB2E5FA-A255-4426-953F-FBAC6658B922}"
EndProject
Project("{FAE04EC0-301F-11D3-BF4B-00C04F79EFBC}") = "ManteHosLib", "ClassLibrary\ManteHosLib.csproj", "{41195AE1-B4D3-444D-919C-6033405E1F3F}"
EndProject
Project("{2150E333-8FDC-42A3-9474-1A3956D46DE8}") = "Testing", "Testing", "{89C174A3-FE7B-4889-8814-4614418EE046}"
EndProject
Project("{FAE04EC0-301F-11D3-BF4B-00C04F79EFBC}") = "ManteHosObjectDesignTests", "ManteHosObjectDesignTests\ManteHosObjectDesignTests.csproj", "{99B96769-8C46-4E82-9109-A08A11062168}"
EndProject
Project("{FAE04EC0-301F-11D3-BF4B-00C04F79EFBC}") = "ManteHosPersistenceTests", "ManteHosPersistenceTests\ManteHosPersistenceTests.csproj", "{2F43F354-5D3C-48BA-A632-00D79D6607EE}"
EndProject
Project("{FAE04EC0-301F-11D3-BF4B-00C04F79EFBC}") = "DBTest", "DBTest\DBTest.csproj", "{8B88887D-3735-4D56-95FA-DE12E2367678}"
EndProject
Project("{FAE04EC0-301F-11D3-BF4B-00C04F79EFBC}") = "4-BusinessLogicTest", "4-BusinessLogicTest\4-BusinessLogicTest.csproj", "{B08CF855-97C2-48EF-B0EE-D21F0883C6CF}"
EndProject
Project("{FAE04EC0-301F-11D3-BF4B-00C04F79EFBC}") = "ManteHosGUI", "ManteHosGUI\ManteHosGUI.csproj", "{6B78D36F-4660-4E90-A194-765127D504FC}"
EndProject
Global
	GlobalSection(SolutionConfigurationPlatforms) = preSolution
		Debug|Any CPU = Debug|Any CPU
		Release|Any CPU = Release|Any CPU
	EndGlobalSection
	GlobalSection(ProjectConfigurationPlatforms) = postSolution
		{41195AE1-B4D3-444D-919C-6033405E1F3F}.Debug|Any CPU.ActiveCfg = Debug|Any CPU
		{41195AE1-B4D3-444D-919C-6033405E1F3F}.Debug|Any CPU.Build.0 = Debug|Any CPU
		{41195AE1-B4D3-444D-919C-6033405E1F3F}.Release|Any CPU.ActiveCfg = Release|Any CPU
		{41195AE1-B4D3-444D-919C-6033405E1F3F}.Release|Any CPU.Build.0 = Release|Any CPU
		{99B96769-8C46-4E82-9109-A08A11062168}.Debug|Any CPU.ActiveCfg = Debug|Any CPU
		{99B96769-8C46-4E82-9109-A08A11062168}.Debug|Any CPU.Build.0 = Debug|Any CPU
		{99B96769-8C46-4E82-9109-A08A11062168}.Release|Any CPU.ActiveCfg = Release|Any CPU
		{99B96769-8C46-4E82-9109-A08A11062168}.Release|Any CPU.Build.0 = Release|Any CPU
		{2F43F354-5D3C-48BA-A632-00D79D6607EE}.Debug|Any CPU.ActiveCfg = Debug|Any CPU
		{2F43F354-5D3C-48BA-A632-00D79D6607EE}.Debug|Any CPU.Build.0 = Debug|Any CPU
		{2F43F354-5D3C-48BA-A632-00D79D6607EE}.Release|Any CPU.ActiveCfg = Release|Any CPU
		{2F43F354-5D3C-48BA-A632-00D79D6607EE}.Release|Any CPU.Build.0 = Release|Any CPU
		{8B88887D-3735-4D56-95FA-DE12E2367678}.Debug|Any CPU.ActiveCfg = Debug|Any CPU
		{8B88887D-3735-4D56-95FA-DE12E2367678}.Debug|Any CPU.Build.0 = Debug|Any CPU
		{8B88887D-3735-4D56-95FA-DE12E2367678}.Release|Any CPU.ActiveCfg = Release|Any CPU
		{8B88887D-3735-4D56-95FA-DE12E2367678}.Release|Any CPU.Build.0 = Release|Any CPU
		{B08CF855-97C2-48EF-B0EE-D21F0883C6CF}.Debug|Any CPU.ActiveCfg = Debug|Any CPU
		{B08CF855-97C2-48EF-B0EE-D21F0883C6CF}.Debug|Any CPU.Build.0 = Debug|Any CPU
		{B08CF855-97C2-48EF-B0EE-D21F0883C6CF}.Release|Any CPU.ActiveCfg = Release|Any CPU
		{B08CF855-97C2-48EF-B0EE-D21F0883C6CF}.Release|Any CPU.Build.0 = Release|Any CPU
		{6B78D36F-4660-4E90-A194-765127D504FC}.Debug|Any CPU.ActiveCfg = Debug|Any CPU
		{6B78D36F-4660-4E90-A194-765127D504FC}.Debug|Any CPU.Build.0 = Debug|Any CPU
		{6B78D36F-4660-4E90-A194-765127D504FC}.Release|Any CPU.ActiveCfg = Release|Any CPU
		{6B78D36F-4660-4E90-A194-765127D504FC}.Release|Any CPU.Build.0 = Release|Any CPU
	EndGlobalSection
	GlobalSection(SolutionProperties) = preSolution
		HideSolutionNode = FALSE
	EndGlobalSection
	GlobalSection(NestedProjects) = preSolution
		{41195AE1-B4D3-444D-919C-6033405E1F3F} = {6FB2E5FA-A255-4426-953F-FBAC6658B922}
		{99B96769-8C46-4E82-9109-A08A11062168} = {89C174A3-FE7B-4889-8814-4614418EE046}
		{2F43F354-5D3C-48BA-A632-00D79D6607EE} = {89C174A3-FE7B-4889-8814-4614418EE046}
		{8B88887D-3735-4D56-95FA-DE12E2367678} = {89C174A3-FE7B-4889-8814-4614418EE046}
		{B08CF855-97C2-48EF-B0EE-D21F0883C6CF} = {89C174A3-FE7B-4889-8814-4614418EE046}
		{6B78D36F-4660-4E90-A194-765127D504FC} = {02EA681E-C7D8-13C7-8484-4AC65E1B71E8}
	EndGlobalSection
	GlobalSection(ExtensibilityGlobals) = postSolution
		SolutionGuid = {BE687ED7-A7FE-4435-90F8-DEA9F378711C}
	EndGlobalSection
EndGlobal
